
Microsoft Visual Studio Solution File, Format Version 12.00
# Visual Studio 2012
Project("{FAE04EC0-301F-11D3-BF4B-00C04F79EFBC}") = "SetAllValues", "SetAllValues\SetAllValues.csproj", "{BD4FF003-DA70-4BC8-8F09-C8D4325F6CD6}"
EndProject
Global
	GlobalSection(SolutionConfigurationPlatforms) = preSolution
		Debug|Any CPU = Debug|Any CPU
		Release|Any CPU = Release|Any CPU
	EndGlobalSection
	GlobalSection(ProjectConfigurationPlatforms) = postSolution
		{BD4FF003-DA70-4BC8-8F09-C8D4325F6CD6}.Debug|Any CPU.ActiveCfg = Debug|Any CPU
		{BD4FF003-DA70-4BC8-8F09-C8D4325F6CD6}.Debug|Any CPU.Build.0 = Debug|Any CPU
		{BD4FF003-DA70-4BC8-8F09-C8D4325F6CD6}.Release|Any CPU.ActiveCfg = Release|Any CPU
		{BD4FF003-DA70-4BC8-8F09-C8D4325F6CD6}.Release|Any CPU.Build.0 = Release|Any CPU
	EndGlobalSection
	GlobalSection(SolutionProperties) = preSolution
		HideSolutionNode = FALSE
	EndGlobalSection
EndGlobal
